// !$*UTF8*$!
{
	archiveVersion = 1;
	classes = {
	};
	objectVersion = 55;
	objects = {

/* Begin PBXBuildFile section */
		FD034559281985B5004D8556 /* BullseyeApp.swift in Sources */ = {isa = PBXBuildFile; fileRef = FD034558281985B5004D8556 /* BullseyeApp.swift */; };
		FD03455B281985B5004D8556 /* BullseyeUIView.swift in Sources */ = {isa = PBXBuildFile; fileRef = FD03455A281985B5004D8556 /* BullseyeUIView.swift */; };
		FD03455D281985B9004D8556 /* Assets.xcassets in Resources */ = {isa = PBXBuildFile; fileRef = FD03455C281985B9004D8556 /* Assets.xcassets */; };
		FD034560281985B9004D8556 /* Preview Assets.xcassets in Resources */ = {isa = PBXBuildFile; fileRef = FD03455F281985B9004D8556 /* Preview Assets.xcassets */; };
		FD03456A2819A496004D8556 /* Game.swift in Sources */ = {isa = PBXBuildFile; fileRef = FD0345692819A496004D8556 /* Game.swift */; };
		FD0345722819A7EA004D8556 /* BullseyeTests.swift in Sources */ = {isa = PBXBuildFile; fileRef = FD0345712819A7EA004D8556 /* BullseyeTests.swift */; };
		FDDC3C85281BF60B00AB23F0 /* LeaderboardView.swift in Sources */ = {isa = PBXBuildFile; fileRef = FDDC3C84281BF60B00AB23F0 /* LeaderboardView.swift */; };
		FDDCDB26281AEE0800872B97 /* PointsView.swift in Sources */ = {isa = PBXBuildFile; fileRef = FDDCDB25281AEE0800872B97 /* PointsView.swift */; };
		FDF34AB2281A378500B09A0C /* TextViews.swift in Sources */ = {isa = PBXBuildFile; fileRef = FDF34AB1281A378500B09A0C /* TextViews.swift */; };
		FDF34AB4281A4D7300B09A0C /* RoundViews.swift in Sources */ = {isa = PBXBuildFile; fileRef = FDF34AB3281A4D7300B09A0C /* RoundViews.swift */; };
		FDF34AB6281A51F100B09A0C /* BackgroundView.swift in Sources */ = {isa = PBXBuildFile; fileRef = FDF34AB5281A51F100B09A0C /* BackgroundView.swift */; };
/* End PBXBuildFile section */

/* Begin PBXContainerItemProxy section */
		FD0345732819A7EA004D8556 /* PBXContainerItemProxy */ = {
			isa = PBXContainerItemProxy;
			containerPortal = FD03454D281985B5004D8556 /* Project object */;
			proxyType = 1;
			remoteGlobalIDString = FD034554281985B5004D8556;
			remoteInfo = Bullseye;
		};
/* End PBXContainerItemProxy section */

/* Begin PBXFileReference section */
		FD034555281985B5004D8556 /* Bullseye.app */ = {isa = PBXFileReference; explicitFileType = wrapper.application; includeInIndex = 0; path = Bullseye.app; sourceTree = BUILT_PRODUCTS_DIR; };
		FD034558281985B5004D8556 /* BullseyeApp.swift */ = {isa = PBXFileReference; lastKnownFileType = sourcecode.swift; path = BullseyeApp.swift; sourceTree = "<group>"; };
		FD03455A281985B5004D8556 /* BullseyeUIView.swift */ = {isa = PBXFileReference; lastKnownFileType = sourcecode.swift; path = BullseyeUIView.swift; sourceTree = "<group>"; };
		FD03455C281985B9004D8556 /* Assets.xcassets */ = {isa = PBXFileReference; lastKnownFileType = folder.assetcatalog; path = Assets.xcassets; sourceTree = "<group>"; };
		FD03455F281985B9004D8556 /* Preview Assets.xcassets */ = {isa = PBXFileReference; lastKnownFileType = folder.assetcatalog; path = "Preview Assets.xcassets"; sourceTree = "<group>"; };
		FD0345692819A496004D8556 /* Game.swift */ = {isa = PBXFileReference; lastKnownFileType = sourcecode.swift; path = Game.swift; sourceTree = "<group>"; };
		FD03456F2819A7EA004D8556 /* BullseyeTests.xctest */ = {isa = PBXFileReference; explicitFileType = wrapper.cfbundle; includeInIndex = 0; path = BullseyeTests.xctest; sourceTree = BUILT_PRODUCTS_DIR; };
		FD0345712819A7EA004D8556 /* BullseyeTests.swift */ = {isa = PBXFileReference; lastKnownFileType = sourcecode.swift; path = BullseyeTests.swift; sourceTree = "<group>"; };
		FDDC3C84281BF60B00AB23F0 /* LeaderboardView.swift */ = {isa = PBXFileReference; lastKnownFileType = sourcecode.swift; path = LeaderboardView.swift; sourceTree = "<group>"; };
		FDDCDB25281AEE0800872B97 /* PointsView.swift */ = {isa = PBXFileReference; lastKnownFileType = sourcecode.swift; path = PointsView.swift; sourceTree = "<group>"; };
		FDF34AB1281A378500B09A0C /* TextViews.swift */ = {isa = PBXFileReference; lastKnownFileType = sourcecode.swift; path = TextViews.swift; sourceTree = "<group>"; };
		FDF34AB3281A4D7300B09A0C /* RoundViews.swift */ = {isa = PBXFileReference; lastKnownFileType = sourcecode.swift; path = RoundViews.swift; sourceTree = "<group>"; };
		FDF34AB5281A51F100B09A0C /* BackgroundView.swift */ = {isa = PBXFileReference; lastKnownFileType = sourcecode.swift; path = BackgroundView.swift; sourceTree = "<group>"; };
/* End PBXFileReference section */

/* Begin PBXFrameworksBuildPhase section */
		FD034552281985B5004D8556 /* Frameworks */ = {
			isa = PBXFrameworksBuildPhase;
			buildActionMask = 2147483647;
			files = (
			);
			runOnlyForDeploymentPostprocessing = 0;
		};
		FD03456C2819A7EA004D8556 /* Frameworks */ = {
			isa = PBXFrameworksBuildPhase;
			buildActionMask = 2147483647;
			files = (
			);
			runOnlyForDeploymentPostprocessing = 0;
		};
/* End PBXFrameworksBuildPhase section */

/* Begin PBXGroup section */
		FD03454C281985B5004D8556 = {
			isa = PBXGroup;
			children = (
				FD034557281985B5004D8556 /* Bullseye */,
				FD0345702819A7EA004D8556 /* BullseyeTests */,
				FD034556281985B5004D8556 /* Products */,
			);
			sourceTree = "<group>";
		};
		FD034556281985B5004D8556 /* Products */ = {
			isa = PBXGroup;
			children = (
				FD034555281985B5004D8556 /* Bullseye.app */,
				FD03456F2819A7EA004D8556 /* BullseyeTests.xctest */,
			);
			name = Products;
			sourceTree = "<group>";
		};
		FD034557281985B5004D8556 /* Bullseye */ = {
			isa = PBXGroup;
			children = (
				FD0345682819A3DD004D8556 /* App */,
				FD0345672819A3D3004D8556 /* Views */,
				FD0345662819A3CC004D8556 /* Models */,
				FD03455E281985B9004D8556 /* Preview Content */,
			);
			path = Bullseye;
			sourceTree = "<group>";
		};
		FD03455E281985B9004D8556 /* Preview Content */ = {
			isa = PBXGroup;
			children = (
				FD03455F281985B9004D8556 /* Preview Assets.xcassets */,
			);
			path = "Preview Content";
			sourceTree = "<group>";
		};
		FD0345662819A3CC004D8556 /* Models */ = {
			isa = PBXGroup;
			children = (
				FD0345692819A496004D8556 /* Game.swift */,
			);
			path = Models;
			sourceTree = "<group>";
		};
		FD0345672819A3D3004D8556 /* Views */ = {
			isa = PBXGroup;
			children = (
				FD03455A281985B5004D8556 /* BullseyeUIView.swift */,
				FDF34AB1281A378500B09A0C /* TextViews.swift */,
				FDF34AB3281A4D7300B09A0C /* RoundViews.swift */,
				FDF34AB5281A51F100B09A0C /* BackgroundView.swift */,
				FDDCDB25281AEE0800872B97 /* PointsView.swift */,
				FDDC3C84281BF60B00AB23F0 /* LeaderboardView.swift */,
			);
			path = Views;
			sourceTree = "<group>";
		};
		FD0345682819A3DD004D8556 /* App */ = {
			isa = PBXGroup;
			children = (
				FD034558281985B5004D8556 /* BullseyeApp.swift */,
				FD03455C281985B9004D8556 /* Assets.xcassets */,
			);
			path = App;
			sourceTree = "<group>";
		};
		FD0345702819A7EA004D8556 /* BullseyeTests */ = {
			isa = PBXGroup;
			children = (
				FD0345712819A7EA004D8556 /* BullseyeTests.swift */,
			);
			path = BullseyeTests;
			sourceTree = "<group>";
		};
/* End PBXGroup section */

/* Begin PBXNativeTarget section */
		FD034554281985B5004D8556 /* Bullseye */ = {
			isa = PBXNativeTarget;
			buildConfigurationList = FD034563281985B9004D8556 /* Build configuration list for PBXNativeTarget "Bullseye" */;
			buildPhases = (
				FD034551281985B5004D8556 /* Sources */,
				FD034552281985B5004D8556 /* Frameworks */,
				FD034553281985B5004D8556 /* Resources */,
			);
			buildRules = (
			);
			dependencies = (
			);
			name = Bullseye;
			productName = Bullseye;
			productReference = FD034555281985B5004D8556 /* Bullseye.app */;
			productType = "com.apple.product-type.application";
		};
		FD03456E2819A7EA004D8556 /* BullseyeTests */ = {
			isa = PBXNativeTarget;
			buildConfigurationList = FD0345752819A7EA004D8556 /* Build configuration list for PBXNativeTarget "BullseyeTests" */;
			buildPhases = (
				FD03456B2819A7EA004D8556 /* Sources */,
				FD03456C2819A7EA004D8556 /* Frameworks */,
				FD03456D2819A7EA004D8556 /* Resources */,
			);
			buildRules = (
			);
			dependencies = (
				FD0345742819A7EA004D8556 /* PBXTargetDependency */,
			);
			name = BullseyeTests;
			productName = BullseyeTests;
			productReference = FD03456F2819A7EA004D8556 /* BullseyeTests.xctest */;
			productType = "com.apple.product-type.bundle.unit-test";
		};
/* End PBXNativeTarget section */

/* Begin PBXProject section */
		FD03454D281985B5004D8556 /* Project object */ = {
			isa = PBXProject;
			attributes = {
				BuildIndependentTargetsInParallel = 1;
				LastSwiftUpdateCheck = 1320;
				LastUpgradeCheck = 1320;
				TargetAttributes = {
					FD034554281985B5004D8556 = {
						CreatedOnToolsVersion = 13.2.1;
					};
					FD03456E2819A7EA004D8556 = {
						CreatedOnToolsVersion = 13.2.1;
						TestTargetID = FD034554281985B5004D8556;
					};
				};
			};
			buildConfigurationList = FD034550281985B5004D8556 /* Build configuration list for PBXProject "Bullseye" */;
			compatibilityVersion = "Xcode 13.0";
			developmentRegion = en;
			hasScannedForEncodings = 0;
			knownRegions = (
				en,
				Base,
			);
			mainGroup = FD03454C281985B5004D8556;
			productRefGroup = FD034556281985B5004D8556 /* Products */;
			projectDirPath = "";
			projectRoot = "";
			targets = (
				FD034554281985B5004D8556 /* Bullseye */,
				FD03456E2819A7EA004D8556 /* BullseyeTests */,
			);
		};
/* End PBXProject section */

/* Begin PBXResourcesBuildPhase section */
		FD034553281985B5004D8556 /* Resources */ = {
			isa = PBXResourcesBuildPhase;
			buildActionMask = 2147483647;
			files = (
				FD034560281985B9004D8556 /* Preview Assets.xcassets in Resources */,
				FD03455D281985B9004D8556 /* Assets.xcassets in Resources */,
			);
			runOnlyForDeploymentPostprocessing = 0;
		};
		FD03456D2819A7EA004D8556 /* Resources */ = {
			isa = PBXResourcesBuildPhase;
			buildActionMask = 2147483647;
			files = (
			);
			runOnlyForDeploymentPostprocessing = 0;
		};
/* End PBXResourcesBuildPhase section */

/* Begin PBXSourcesBuildPhase section */
		FD034551281985B5004D8556 /* Sources */ = {
			isa = PBXSourcesBuildPhase;
			buildActionMask = 2147483647;
			files = (
				FDDC3C85281BF60B00AB23F0 /* LeaderboardView.swift in Sources */,
				FDF34AB6281A51F100B09A0C /* BackgroundView.swift in Sources */,
				FDF34AB4281A4D7300B09A0C /* RoundViews.swift in Sources */,
				FD03455B281985B5004D8556 /* BullseyeUIView.swift in Sources */,
				FDF34AB2281A378500B09A0C /* TextViews.swift in Sources */,
				FDDCDB26281AEE0800872B97 /* PointsView.swift in Sources */,
				FD03456A2819A496004D8556 /* Game.swift in Sources */,
				FD034559281985B5004D8556 /* BullseyeApp.swift in Sources */,
			);
			runOnlyForDeploymentPostprocessing = 0;
		};
		FD03456B2819A7EA004D8556 /* Sources */ = {
			isa = PBXSourcesBuildPhase;
			buildActionMask = 2147483647;
			files = (
				FD0345722819A7EA004D8556 /* BullseyeTests.swift in Sources */,
			);
			runOnlyForDeploymentPostprocessing = 0;
		};
/* End PBXSourcesBuildPhase section */

/* Begin PBXTargetDependency section */
		FD0345742819A7EA004D8556 /* PBXTargetDependency */ = {
			isa = PBXTargetDependency;
			target = FD034554281985B5004D8556 /* Bullseye */;
			targetProxy = FD0345732819A7EA004D8556 /* PBXContainerItemProxy */;
		};
/* End PBXTargetDependency section */

/* Begin XCBuildConfiguration section */
		FD034561281985B9004D8556 /* Debug */ = {
			isa = XCBuildConfiguration;
			buildSettings = {
				ALWAYS_SEARCH_USER_PATHS = NO;
				CLANG_ANALYZER_NONNULL = YES;
				CLANG_ANALYZER_NUMBER_OBJECT_CONVERSION = YES_AGGRESSIVE;
				CLANG_CXX_LANGUAGE_STANDARD = "gnu++17";
				CLANG_CXX_LIBRARY = "libc++";
				CLANG_ENABLE_MODULES = YES;
				CLANG_ENABLE_OBJC_ARC = YES;
				CLANG_ENABLE_OBJC_WEAK = YES;
				CLANG_WARN_BLOCK_CAPTURE_AUTORELEASING = YES;
				CLANG_WARN_BOOL_CONVERSION = YES;
				CLANG_WARN_COMMA = YES;
				CLANG_WARN_CONSTANT_CONVERSION = YES;
				CLANG_WARN_DEPRECATED_OBJC_IMPLEMENTATIONS = YES;
				CLANG_WARN_DIRECT_OBJC_ISA_USAGE = YES_ERROR;
				CLANG_WARN_DOCUMENTATION_COMMENTS = YES;
				CLANG_WARN_EMPTY_BODY = YES;
				CLANG_WARN_ENUM_CONVERSION = YES;
				CLANG_WARN_INFINITE_RECURSION = YES;
				CLANG_WARN_INT_CONVERSION = YES;
				CLANG_WARN_NON_LITERAL_NULL_CONVERSION = YES;
				CLANG_WARN_OBJC_IMPLICIT_RETAIN_SELF = YES;
				CLANG_WARN_OBJC_LITERAL_CONVERSION = YES;
				CLANG_WARN_OBJC_ROOT_CLASS = YES_ERROR;
				CLANG_WARN_QUOTED_INCLUDE_IN_FRAMEWORK_HEADER = YES;
				CLANG_WARN_RANGE_LOOP_ANALYSIS = YES;
				CLANG_WARN_STRICT_PROTOTYPES = YES;
				CLANG_WARN_SUSPICIOUS_MOVE = YES;
				CLANG_WARN_UNGUARDED_AVAILABILITY = YES_AGGRESSIVE;
				CLANG_WARN_UNREACHABLE_CODE = YES;
				CLANG_WARN__DUPLICATE_METHOD_MATCH = YES;
				COPY_PHASE_STRIP = NO;
				DEBUG_INFORMATION_FORMAT = dwarf;
				ENABLE_STRICT_OBJC_MSGSEND = YES;
				ENABLE_TESTABILITY = YES;
				GCC_C_LANGUAGE_STANDARD = gnu11;
				GCC_DYNAMIC_NO_PIC = NO;
				GCC_NO_COMMON_BLOCKS = YES;
				GCC_OPTIMIZATION_LEVEL = 0;
				GCC_PREPROCESSOR_DEFINITIONS = (
					"DEBUG=1",
					"$(inherited)",
				);
				GCC_WARN_64_TO_32_BIT_CONVERSION = YES;
				GCC_WARN_ABOUT_RETURN_TYPE = YES_ERROR;
				GCC_WARN_UNDECLARED_SELECTOR = YES;
				GCC_WARN_UNINITIALIZED_AUTOS = YES_AGGRESSIVE;
				GCC_WARN_UNUSED_FUNCTION = YES;
				GCC_WARN_UNUSED_VARIABLE = YES;
				IPHONEOS_DEPLOYMENT_TARGET = 14.0;
				MTL_ENABLE_DEBUG_INFO = INCLUDE_SOURCE;
				MTL_FAST_MATH = YES;
				ONLY_ACTIVE_ARCH = YES;
				SDKROOT = iphoneos;
				SWIFT_ACTIVE_COMPILATION_CONDITIONS = DEBUG;
				SWIFT_OPTIMIZATION_LEVEL = "-Onone";
			};
			name = Debug;
		};
		FD034562281985B9004D8556 /* Release */ = {
			isa = XCBuildConfiguration;
			buildSettings = {
				ALWAYS_SEARCH_USER_PATHS = NO;
				CLANG_ANALYZER_NONNULL = YES;
				CLANG_ANALYZER_NUMBER_OBJECT_CONVERSION = YES_AGGRESSIVE;
				CLANG_CXX_LANGUAGE_STANDARD = "gnu++17";
				CLANG_CXX_LIBRARY = "libc++";
				CLANG_ENABLE_MODULES = YES;
				CLANG_ENABLE_OBJC_ARC = YES;
				CLANG_ENABLE_OBJC_WEAK = YES;
				CLANG_WARN_BLOCK_CAPTURE_AUTORELEASING = YES;
				CLANG_WARN_BOOL_CONVERSION = YES;
				CLANG_WARN_COMMA = YES;
				CLANG_WARN_CONSTANT_CONVERSION = YES;
				CLANG_WARN_DEPRECATED_OBJC_IMPLEMENTATIONS = YES;
				CLANG_WARN_DIRECT_OBJC_ISA_USAGE = YES_ERROR;
				CLANG_WARN_DOCUMENTATION_COMMENTS = YES;
				CLANG_WARN_EMPTY_BODY = YES;
				CLANG_WARN_ENUM_CONVERSION = YES;
				CLANG_WARN_INFINITE_RECURSION = YES;
				CLANG_WARN_INT_CONVERSION = YES;
				CLANG_WARN_NON_LITERAL_NULL_CONVERSION = YES;
				CLANG_WARN_OBJC_IMPLICIT_RETAIN_SELF = YES;
				CLANG_WARN_OBJC_LITERAL_CONVERSION = YES;
				CLANG_WARN_OBJC_ROOT_CLASS = YES_ERROR;
				CLANG_WARN_QUOTED_INCLUDE_IN_FRAMEWORK_HEADER = YES;
				CLANG_WARN_RANGE_LOOP_ANALYSIS = YES;
				CLANG_WARN_STRICT_PROTOTYPES = YES;
				CLANG_WARN_SUSPICIOUS_MOVE = YES;
				CLANG_WARN_UNGUARDED_AVAILABILITY = YES_AGGRESSIVE;
				CLANG_WARN_UNREACHABLE_CODE = YES;
				CLANG_WARN__DUPLICATE_METHOD_MATCH = YES;
				COPY_PHASE_STRIP = NO;
				DEBUG_INFORMATION_FORMAT = "dwarf-with-dsym";
				ENABLE_NS_ASSERTIONS = NO;
				ENABLE_STRICT_OBJC_MSGSEND = YES;
				GCC_C_LANGUAGE_STANDARD = gnu11;
				GCC_NO_COMMON_BLOCKS = YES;
				GCC_WARN_64_TO_32_BIT_CONVERSION = YES;
				GCC_WARN_ABOUT_RETURN_TYPE = YES_ERROR;
				GCC_WARN_UNDECLARED_SELECTOR = YES;
				GCC_WARN_UNINITIALIZED_AUTOS = YES_AGGRESSIVE;
				GCC_WARN_UNUSED_FUNCTION = YES;
				GCC_WARN_UNUSED_VARIABLE = YES;
				IPHONEOS_DEPLOYMENT_TARGET = 14.0;
				MTL_ENABLE_DEBUG_INFO = NO;
				MTL_FAST_MATH = YES;
				SDKROOT = iphoneos;
				SWIFT_COMPILATION_MODE = wholemodule;
				SWIFT_OPTIMIZATION_LEVEL = "-O";
				VALIDATE_PRODUCT = YES;
			};
			name = Release;
		};
		FD034564281985B9004D8556 /* Debug */ = {
			isa = XCBuildConfiguration;
			buildSettings = {
				ASSETCATALOG_COMPILER_APPICON_NAME = AppIcon;
				ASSETCATALOG_COMPILER_GLOBAL_ACCENT_COLOR_NAME = AccentColor;
				CODE_SIGN_STYLE = Automatic;
				CURRENT_PROJECT_VERSION = 1;
				DEVELOPMENT_ASSET_PATHS = "\"Bullseye/Preview Content\"";
				DEVELOPMENT_TEAM = 4V2Q2FXW5R;
				ENABLE_PREVIEWS = YES;
				GENERATE_INFOPLIST_FILE = YES;
				INFOPLIST_KEY_UIApplicationSceneManifest_Generation = YES;
				INFOPLIST_KEY_UIApplicationSupportsIndirectInputEvents = YES;
				INFOPLIST_KEY_UILaunchScreen_Generation = YES;
				INFOPLIST_KEY_UISupportedInterfaceOrientations_iPad = "UIInterfaceOrientationPortrait UIInterfaceOrientationPortraitUpsideDown UIInterfaceOrientationLandscapeLeft UIInterfaceOrientationLandscapeRight";
				INFOPLIST_KEY_UISupportedInterfaceOrientations_iPhone = "UIInterfaceOrientationPortrait UIInterfaceOrientationLandscapeLeft UIInterfaceOrientationLandscapeRight";
				IPHONEOS_DEPLOYMENT_TARGET = 14.0;
				LD_RUNPATH_SEARCH_PATHS = (
					"$(inherited)",
					"@executable_path/Frameworks",
				);
				MARKETING_VERSION = 1.0;
				PRODUCT_BUNDLE_IDENTIFIER = com.hritvik.Bullseye;
				PRODUCT_NAME = Bullseye;
				SWIFT_EMIT_LOC_STRINGS = YES;
				SWIFT_VERSION = 5.0;
				TARGETED_DEVICE_FAMILY = "1,2";
				TVOS_DEPLOYMENT_TARGET = 15.2;
			};
			name = Debug;
		};
		FD034565281985B9004D8556 /* Release */ = {
			isa = XCBuildConfiguration;
			buildSettings = {
				ASSETCATALOG_COMPILER_APPICON_NAME = AppIcon;
				ASSETCATALOG_COMPILER_GLOBAL_ACCENT_COLOR_NAME = AccentColor;
				CODE_SIGN_STYLE = Automatic;
				CURRENT_PROJECT_VERSION = 1;
				DEVELOPMENT_ASSET_PATHS = "\"Bullseye/Preview Content\"";
				DEVELOPMENT_TEAM = 4V2Q2FXW5R;
				ENABLE_PREVIEWS = YES;
				GENERATE_INFOPLIST_FILE = YES;
				INFOPLIST_KEY_UIApplicationSceneManifest_Generation = YES;
				INFOPLIST_KEY_UIApplicationSupportsIndirectInputEvents = YES;
				INFOPLIST_KEY_UILaunchScreen_Generation = YES;
				INFOPLIST_KEY_UISupportedInterfaceOrientations_iPad = "UIInterfaceOrientationPortrait UIInterfaceOrientationPortraitUpsideDown UIInterfaceOrientationLandscapeLeft UIInterfaceOrientationLandscapeRight";
				INFOPLIST_KEY_UISupportedInterfaceOrientations_iPhone = "UIInterfaceOrientationPortrait UIInterfaceOrientationLandscapeLeft UIInterfaceOrientationLandscapeRight";
				IPHONEOS_DEPLOYMENT_TARGET = 14.0;
				LD_RUNPATH_SEARCH_PATHS = (
					"$(inherited)",
					"@executable_path/Frameworks",
				);
				MARKETING_VERSION = 1.0;
				PRODUCT_BUNDLE_IDENTIFIER = com.hritvik.Bullseye;
				PRODUCT_NAME = Bullseye;
				SWIFT_EMIT_LOC_STRINGS = YES;
				SWIFT_VERSION = 5.0;
				TARGETED_DEVICE_FAMILY = "1,2";
				TVOS_DEPLOYMENT_TARGET = 15.2;
			};
			name = Release;
		};
		FD0345762819A7EA004D8556 /* Debug */ = {
			isa = XCBuildConfiguration;
			buildSettings = {
				BUNDLE_LOADER = "$(TEST_HOST)";
				CODE_SIGN_STYLE = Automatic;
				CURRENT_PROJECT_VERSION = 1;
				DEVELOPMENT_TEAM = 4V2Q2FXW5R;
				GENERATE_INFOPLIST_FILE = YES;
				IPHONEOS_DEPLOYMENT_TARGET = 15.2;
				MARKETING_VERSION = 1.0;
				PRODUCT_BUNDLE_IDENTIFIER = com.hritvik.BullseyeTests;
				PRODUCT_NAME = "$(TARGET_NAME)";
				SWIFT_EMIT_LOC_STRINGS = NO;
				SWIFT_VERSION = 5.0;
				TARGETED_DEVICE_FAMILY = "1,2";
				TEST_HOST = "$(BUILT_PRODUCTS_DIR)/Bullseye.app/Bullseye";
			};
			name = Debug;
		};
		FD0345772819A7EA004D8556 /* Release */ = {
			isa = XCBuildConfiguration;
			buildSettings = {
				BUNDLE_LOADER = "$(TEST_HOST)";
				CODE_SIGN_STYLE = Automatic;
				CURRENT_PROJECT_VERSION = 1;
				DEVELOPMENT_TEAM = 4V2Q2FXW5R;
				GENERATE_INFOPLIST_FILE = YES;
				IPHONEOS_DEPLOYMENT_TARGET = 15.2;
				MARKETING_VERSION = 1.0;
				PRODUCT_BUNDLE_IDENTIFIER = com.hritvik.BullseyeTests;
				PRODUCT_NAME = "$(TARGET_NAME)";
				SWIFT_EMIT_LOC_STRINGS = NO;
				SWIFT_VERSION = 5.0;
				TARGETED_DEVICE_FAMILY = "1,2";
				TEST_HOST = "$(BUILT_PRODUCTS_DIR)/Bullseye.app/Bullseye";
			};
			name = Release;
		};
/* End XCBuildConfiguration section */

/* Begin XCConfigurationList section */
		FD034550281985B5004D8556 /* Build configuration list for PBXProject "Bullseye" */ = {
			isa = XCConfigurationList;
			buildConfigurations = (
				FD034561281985B9004D8556 /* Debug */,
				FD034562281985B9004D8556 /* Release */,
			);
			defaultConfigurationIsVisible = 0;
			defaultConfigurationName = Release;
		};
		FD034563281985B9004D8556 /* Build configuration list for PBXNativeTarget "Bullseye" */ = {
			isa = XCConfigurationList;
			buildConfigurations = (
				FD034564281985B9004D8556 /* Debug */,
				FD034565281985B9004D8556 /* Release */,
			);
			defaultConfigurationIsVisible = 0;
			defaultConfigurationName = Release;
		};
		FD0345752819A7EA004D8556 /* Build configuration list for PBXNativeTarget "BullseyeTests" */ = {
			isa = XCConfigurationList;
			buildConfigurations = (
				FD0345762819A7EA004D8556 /* Debug */,
				FD0345772819A7EA004D8556 /* Release */,
			);
			defaultConfigurationIsVisible = 0;
			defaultConfigurationName = Release;
		};
/* End XCConfigurationList section */
	};
	rootObject = FD03454D281985B5004D8556 /* Project object */;
}
